
Microsoft Visual Studio Solution File, Format Version 12.00
# Visual Studio Version 17
VisualStudioVersion = 17.14.36518.9
MinimumVisualStudioVersion = 10.0.40219.1
Project("{2150E333-8FDC-42A3-9474-1A3956D46DE8}") = "MicroServices", "MicroServices", "{02EA681E-C7D8-13C7-8484-4AC65E1B71E8}"
EndProject
Project("{2150E333-8FDC-42A3-9474-1A3956D46DE8}") = "IronCore", "IronCore", "{86CE6F16-3BFF-4F1E-821C-33C625830D4F}"
EndProject
Project("{2150E333-8FDC-42A3-9474-1A3956D46DE8}") = "SearchService", "SearchService", "{029A575E-D0EF-44B8-AA99-602B1FB8E7DD}"
EndProject
Project("{FAE04EC0-301F-11D3-BF4B-00C04F79EFBC}") = "IronCore.API", "MicroServices\IronCore\IronCore.API\IronCore.API.csproj", "{C42B1E5C-CEB1-4A9E-8395-C4EB57C03354}"
EndProject
Project("{FAE04EC0-301F-11D3-BF4B-00C04F79EFBC}") = "IronCore.DAL", "MicroServices\IronCore\IronCore.DAL\IronCore.DAL.csproj", "{47D0EBFE-B3BC-4076-B60A-99152A0F4C20}"
EndProject
Project("{FAE04EC0-301F-11D3-BF4B-00C04F79EFBC}") = "IronCore.BL", "MicroServices\IronCore\IronCore.BL\IronCore.BL.csproj", "{F555C455-EF3C-4B27-A5B8-3CB3B430EC1B}"
EndProject
Project("{FAE04EC0-301F-11D3-BF4B-00C04F79EFBC}") = "IronCore.CORE", "MicroServices\IronCore\IronCore.CORE\IronCore.CORE.csproj", "{9B4737F1-54C6-4E31-8953-5F290CAEDBD4}"
EndProject
Project("{FAE04EC0-301F-11D3-BF4B-00C04F79EFBC}") = "SearchService.API", "MicroServices\SearchService\SearchService.API\SearchService.API\SearchService.API.csproj", "{8B8F2B65-8D03-6936-F5A8-F1BFEA478A95}"
EndProject
Project("{FAE04EC0-301F-11D3-BF4B-00C04F79EFBC}") = "SearchService.BL", "MicroServices\SearchService\SearchService.BL\SearchService.BL.csproj", "{F5B35A58-3334-4673-8DF9-F9E20E068CC0}"
EndProject
Project("{FAE04EC0-301F-11D3-BF4B-00C04F79EFBC}") = "SearchService.DAL", "MicroServices\SearchService\SearchService.DAL\SearchService.DAL.csproj", "{931B5604-90DB-4075-B088-14FC76082DFF}"
EndProject
Project("{FAE04EC0-301F-11D3-BF4B-00C04F79EFBC}") = "SearchService.CORE", "MicroServices\SearchService\SearchService.CORE\SearchService.CORE.csproj", "{59519DB8-31BB-488B-8418-D93B83DE6F86}"
EndProject
Project("{2150E333-8FDC-42A3-9474-1A3956D46DE8}") = "Shared", "Shared", "{CA19F604-287C-4E57-9886-B2105D0462C5}"
EndProject
Project("{FAE04EC0-301F-11D3-BF4B-00C04F79EFBC}") = "SharedDTOs", "Shared\SharedDTOs\SharedDTOs.csproj", "{C0FE2584-A90B-41DF-AECD-0A64334240AB}"
EndProject
Global
	GlobalSection(SolutionConfigurationPlatforms) = preSolution
		Debug|Any CPU = Debug|Any CPU
		Release|Any CPU = Release|Any CPU
	EndGlobalSection
	GlobalSection(ProjectConfigurationPlatforms) = postSolution
		{C42B1E5C-CEB1-4A9E-8395-C4EB57C03354}.Debug|Any CPU.ActiveCfg = Debug|Any CPU
		{C42B1E5C-CEB1-4A9E-8395-C4EB57C03354}.Debug|Any CPU.Build.0 = Debug|Any CPU
		{C42B1E5C-CEB1-4A9E-8395-C4EB57C03354}.Release|Any CPU.ActiveCfg = Release|Any CPU
		{C42B1E5C-CEB1-4A9E-8395-C4EB57C03354}.Release|Any CPU.Build.0 = Release|Any CPU
		{47D0EBFE-B3BC-4076-B60A-99152A0F4C20}.Debug|Any CPU.ActiveCfg = Debug|Any CPU
		{47D0EBFE-B3BC-4076-B60A-99152A0F4C20}.Debug|Any CPU.Build.0 = Debug|Any CPU
		{47D0EBFE-B3BC-4076-B60A-99152A0F4C20}.Release|Any CPU.ActiveCfg = Release|Any CPU
		{47D0EBFE-B3BC-4076-B60A-99152A0F4C20}.Release|Any CPU.Build.0 = Release|Any CPU
		{F555C455-EF3C-4B27-A5B8-3CB3B430EC1B}.Debug|Any CPU.ActiveCfg = Debug|Any CPU
		{F555C455-EF3C-4B27-A5B8-3CB3B430EC1B}.Debug|Any CPU.Build.0 = Debug|Any CPU
		{F555C455-EF3C-4B27-A5B8-3CB3B430EC1B}.Release|Any CPU.ActiveCfg = Release|Any CPU
		{F555C455-EF3C-4B27-A5B8-3CB3B430EC1B}.Release|Any CPU.Build.0 = Release|Any CPU
		{9B4737F1-54C6-4E31-8953-5F290CAEDBD4}.Debug|Any CPU.ActiveCfg = Debug|Any CPU
		{9B4737F1-54C6-4E31-8953-5F290CAEDBD4}.Debug|Any CPU.Build.0 = Debug|Any CPU
		{9B4737F1-54C6-4E31-8953-5F290CAEDBD4}.Release|Any CPU.ActiveCfg = Release|Any CPU
		{9B4737F1-54C6-4E31-8953-5F290CAEDBD4}.Release|Any CPU.Build.0 = Release|Any CPU
		{8B8F2B65-8D03-6936-F5A8-F1BFEA478A95}.Debug|Any CPU.ActiveCfg = Debug|Any CPU
		{8B8F2B65-8D03-6936-F5A8-F1BFEA478A95}.Debug|Any CPU.Build.0 = Debug|Any CPU
		{8B8F2B65-8D03-6936-F5A8-F1BFEA478A95}.Release|Any CPU.ActiveCfg = Release|Any CPU
		{8B8F2B65-8D03-6936-F5A8-F1BFEA478A95}.Release|Any CPU.Build.0 = Release|Any CPU
		{F5B35A58-3334-4673-8DF9-F9E20E068CC0}.Debug|Any CPU.ActiveCfg = Debug|Any CPU
		{F5B35A58-3334-4673-8DF9-F9E20E068CC0}.Debug|Any CPU.Build.0 = Debug|Any CPU
		{F5B35A58-3334-4673-8DF9-F9E20E068CC0}.Release|Any CPU.ActiveCfg = Release|Any CPU
		{F5B35A58-3334-4673-8DF9-F9E20E068CC0}.Release|Any CPU.Build.0 = Release|Any CPU
		{931B5604-90DB-4075-B088-14FC76082DFF}.Debug|Any CPU.ActiveCfg = Debug|Any CPU
		{931B5604-90DB-4075-B088-14FC76082DFF}.Debug|Any CPU.Build.0 = Debug|Any CPU
		{931B5604-90DB-4075-B088-14FC76082DFF}.Release|Any CPU.ActiveCfg = Release|Any CPU
		{931B5604-90DB-4075-B088-14FC76082DFF}.Release|Any CPU.Build.0 = Release|Any CPU
		{59519DB8-31BB-488B-8418-D93B83DE6F86}.Debug|Any CPU.ActiveCfg = Debug|Any CPU
		{59519DB8-31BB-488B-8418-D93B83DE6F86}.Debug|Any CPU.Build.0 = Debug|Any CPU
		{59519DB8-31BB-488B-8418-D93B83DE6F86}.Release|Any CPU.ActiveCfg = Release|Any CPU
		{59519DB8-31BB-488B-8418-D93B83DE6F86}.Release|Any CPU.Build.0 = Release|Any CPU
		{C0FE2584-A90B-41DF-AECD-0A64334240AB}.Debug|Any CPU.ActiveCfg = Debug|Any CPU
		{C0FE2584-A90B-41DF-AECD-0A64334240AB}.Debug|Any CPU.Build.0 = Debug|Any CPU
		{C0FE2584-A90B-41DF-AECD-0A64334240AB}.Release|Any CPU.ActiveCfg = Release|Any CPU
		{C0FE2584-A90B-41DF-AECD-0A64334240AB}.Release|Any CPU.Build.0 = Release|Any CPU
	EndGlobalSection
	GlobalSection(SolutionProperties) = preSolution
		HideSolutionNode = FALSE
	EndGlobalSection
	GlobalSection(NestedProjects) = preSolution
		{86CE6F16-3BFF-4F1E-821C-33C625830D4F} = {02EA681E-C7D8-13C7-8484-4AC65E1B71E8}
		{029A575E-D0EF-44B8-AA99-602B1FB8E7DD} = {02EA681E-C7D8-13C7-8484-4AC65E1B71E8}
		{C42B1E5C-CEB1-4A9E-8395-C4EB57C03354} = {86CE6F16-3BFF-4F1E-821C-33C625830D4F}
		{47D0EBFE-B3BC-4076-B60A-99152A0F4C20} = {86CE6F16-3BFF-4F1E-821C-33C625830D4F}
		{F555C455-EF3C-4B27-A5B8-3CB3B430EC1B} = {86CE6F16-3BFF-4F1E-821C-33C625830D4F}
		{9B4737F1-54C6-4E31-8953-5F290CAEDBD4} = {86CE6F16-3BFF-4F1E-821C-33C625830D4F}
		{8B8F2B65-8D03-6936-F5A8-F1BFEA478A95} = {029A575E-D0EF-44B8-AA99-602B1FB8E7DD}
		{F5B35A58-3334-4673-8DF9-F9E20E068CC0} = {029A575E-D0EF-44B8-AA99-602B1FB8E7DD}
		{931B5604-90DB-4075-B088-14FC76082DFF} = {029A575E-D0EF-44B8-AA99-602B1FB8E7DD}
		{59519DB8-31BB-488B-8418-D93B83DE6F86} = {029A575E-D0EF-44B8-AA99-602B1FB8E7DD}
		{C0FE2584-A90B-41DF-AECD-0A64334240AB} = {CA19F604-287C-4E57-9886-B2105D0462C5}
	EndGlobalSection
	GlobalSection(ExtensibilityGlobals) = postSolution
		SolutionGuid = {756D5931-A2C7-40F6-9554-2962E198D5D8}
	EndGlobalSection
EndGlobal
